
Microsoft Visual Studio Solution File, Format Version 12.00
# Visual Studio Version 16
VisualStudioVersion = 16.0.29613.14
MinimumVisualStudioVersion = 10.0.40219.1
Project("{9A19103F-16F7-4668-BE54-9A1E7A4F7556}") = "Inventory.Core", "Inventory.Core\Inventory.Core.csproj", "{F9C1FAB4-5169-4BF5-87AB-268EF52316D1}"
EndProject
Project("{9A19103F-16F7-4668-BE54-9A1E7A4F7556}") = "Inventory.WebUI", "Inventory.WebUI\Inventory.WebUI.csproj", "{1BA0ED83-1990-4789-B520-F9AF31C37939}"
EndProject
Project("{9A19103F-16F7-4668-BE54-9A1E7A4F7556}") = "Inventory.DataAccess.InMemory", "Inventory.DataAccess.InMemory\Inventory.DataAccess.InMemory.csproj", "{A46A0B20-C853-4872-B7DF-8E01FF7398FC}"
EndProject
Project("{FAE04EC0-301F-11D3-BF4B-00C04F79EFBC}") = "Inventory.DataAccess.SQL", "Inventory.DataAccess.SQL\Inventory.DataAccess.SQL.csproj", "{C9FAD8CB-4B16-4399-B76C-1326820A4AFC}"
EndProject
Global
	GlobalSection(SolutionConfigurationPlatforms) = preSolution
		Debug|Any CPU = Debug|Any CPU
		Release|Any CPU = Release|Any CPU
	EndGlobalSection
	GlobalSection(ProjectConfigurationPlatforms) = postSolution
		{F9C1FAB4-5169-4BF5-87AB-268EF52316D1}.Debug|Any CPU.ActiveCfg = Debug|Any CPU
		{F9C1FAB4-5169-4BF5-87AB-268EF52316D1}.Debug|Any CPU.Build.0 = Debug|Any CPU
		{F9C1FAB4-5169-4BF5-87AB-268EF52316D1}.Release|Any CPU.ActiveCfg = Release|Any CPU
		{F9C1FAB4-5169-4BF5-87AB-268EF52316D1}.Release|Any CPU.Build.0 = Release|Any CPU
		{1BA0ED83-1990-4789-B520-F9AF31C37939}.Debug|Any CPU.ActiveCfg = Debug|Any CPU
		{1BA0ED83-1990-4789-B520-F9AF31C37939}.Debug|Any CPU.Build.0 = Debug|Any CPU
		{1BA0ED83-1990-4789-B520-F9AF31C37939}.Release|Any CPU.ActiveCfg = Release|Any CPU
		{1BA0ED83-1990-4789-B520-F9AF31C37939}.Release|Any CPU.Build.0 = Release|Any CPU
		{A46A0B20-C853-4872-B7DF-8E01FF7398FC}.Debug|Any CPU.ActiveCfg = Debug|Any CPU
		{A46A0B20-C853-4872-B7DF-8E01FF7398FC}.Debug|Any CPU.Build.0 = Debug|Any CPU
		{A46A0B20-C853-4872-B7DF-8E01FF7398FC}.Release|Any CPU.ActiveCfg = Release|Any CPU
		{A46A0B20-C853-4872-B7DF-8E01FF7398FC}.Release|Any CPU.Build.0 = Release|Any CPU
		{C9FAD8CB-4B16-4399-B76C-1326820A4AFC}.Debug|Any CPU.ActiveCfg = Debug|Any CPU
		{C9FAD8CB-4B16-4399-B76C-1326820A4AFC}.Debug|Any CPU.Build.0 = Debug|Any CPU
		{C9FAD8CB-4B16-4399-B76C-1326820A4AFC}.Release|Any CPU.ActiveCfg = Release|Any CPU
		{C9FAD8CB-4B16-4399-B76C-1326820A4AFC}.Release|Any CPU.Build.0 = Release|Any CPU
	EndGlobalSection
	GlobalSection(SolutionProperties) = preSolution
		HideSolutionNode = FALSE
	EndGlobalSection
	GlobalSection(ExtensibilityGlobals) = postSolution
		SolutionGuid = {76BD9202-188E-4AC8-BFDA-B4A5A5B06535}
	EndGlobalSection
EndGlobal
